
Microsoft Visual Studio Solution File, Format Version 12.00
# Visual Studio 15
VisualStudioVersion = 15.0.28307.645
MinimumVisualStudioVersion = 10.0.40219.1
Project("{2150E333-8FDC-42A3-9474-1A3956D46DE8}") = "DAL", "DAL", "{25C59805-052D-42F1-A7C1-42A81A284E5C}"
EndProject
Project("{2150E333-8FDC-42A3-9474-1A3956D46DE8}") = "BLL", "BLL", "{4FCE1B76-C4D8-4022-86C4-0F7832392D3D}"
EndProject
Project("{FAE04EC0-301F-11D3-BF4B-00C04F79EFBC}") = "Domain", "Domain\Domain.csproj", "{6BACCE91-CE94-4AEF-89F7-274314070D27}"
EndProject
Project("{FAE04EC0-301F-11D3-BF4B-00C04F79EFBC}") = "Domain.Data", "Domain.Data\Domain.Data.csproj", "{9FECAADF-C99B-41AF-88F6-6848561E0842}"
EndProject
Global
	GlobalSection(SolutionConfigurationPlatforms) = preSolution
		Debug|Any CPU = Debug|Any CPU
		Release|Any CPU = Release|Any CPU
	EndGlobalSection
	GlobalSection(ProjectConfigurationPlatforms) = postSolution
		{6BACCE91-CE94-4AEF-89F7-274314070D27}.Debug|Any CPU.ActiveCfg = Debug|Any CPU
		{6BACCE91-CE94-4AEF-89F7-274314070D27}.Debug|Any CPU.Build.0 = Debug|Any CPU
		{6BACCE91-CE94-4AEF-89F7-274314070D27}.Release|Any CPU.ActiveCfg = Release|Any CPU
		{6BACCE91-CE94-4AEF-89F7-274314070D27}.Release|Any CPU.Build.0 = Release|Any CPU
		{9FECAADF-C99B-41AF-88F6-6848561E0842}.Debug|Any CPU.ActiveCfg = Debug|Any CPU
		{9FECAADF-C99B-41AF-88F6-6848561E0842}.Debug|Any CPU.Build.0 = Debug|Any CPU
		{9FECAADF-C99B-41AF-88F6-6848561E0842}.Release|Any CPU.ActiveCfg = Release|Any CPU
		{9FECAADF-C99B-41AF-88F6-6848561E0842}.Release|Any CPU.Build.0 = Release|Any CPU
	EndGlobalSection
	GlobalSection(SolutionProperties) = preSolution
		HideSolutionNode = FALSE
	EndGlobalSection
	GlobalSection(NestedProjects) = preSolution
		{6BACCE91-CE94-4AEF-89F7-274314070D27} = {25C59805-052D-42F1-A7C1-42A81A284E5C}
		{9FECAADF-C99B-41AF-88F6-6848561E0842} = {25C59805-052D-42F1-A7C1-42A81A284E5C}
	EndGlobalSection
	GlobalSection(ExtensibilityGlobals) = postSolution
		SolutionGuid = {7167845C-57A0-4053-9D9C-7F5BF90C41BC}
	EndGlobalSection
EndGlobal
