
Microsoft Visual Studio Solution File, Format Version 12.00
# Visual Studio 15
VisualStudioVersion = 15.0.28307.645
MinimumVisualStudioVersion = 10.0.40219.1
Project("{FAE04EC0-301F-11D3-BF4B-00C04F79EFBC}") = "StudentsMAN", "StudentsMAN\StudentsMAN.csproj", "{322C7DA1-0121-4ADB-AA72-CDF27FF156E4}"
EndProject
Global
	GlobalSection(SolutionConfigurationPlatforms) = preSolution
		Debug|Any CPU = Debug|Any CPU
		Release|Any CPU = Release|Any CPU
	EndGlobalSection
	GlobalSection(ProjectConfigurationPlatforms) = postSolution
		{322C7DA1-0121-4ADB-AA72-CDF27FF156E4}.Debug|Any CPU.ActiveCfg = Debug|Any CPU
		{322C7DA1-0121-4ADB-AA72-CDF27FF156E4}.Debug|Any CPU.Build.0 = Debug|Any CPU
		{322C7DA1-0121-4ADB-AA72-CDF27FF156E4}.Release|Any CPU.ActiveCfg = Release|Any CPU
		{322C7DA1-0121-4ADB-AA72-CDF27FF156E4}.Release|Any CPU.Build.0 = Release|Any CPU
	EndGlobalSection
	GlobalSection(SolutionProperties) = preSolution
		HideSolutionNode = FALSE
	EndGlobalSection
	GlobalSection(ExtensibilityGlobals) = postSolution
		SolutionGuid = {7167845C-57A0-4053-9D9C-7F5BF90C41BC}
	EndGlobalSection
EndGlobal
